// !$*UTF8*$!
{
	archiveVersion = 1;
	classes = {
	};
	objectVersion = 50;
	objects = {

/* Begin PBXBuildFile section */
		52DC3EB221BDE2CD1122938A /* Pods_RateGoods.framework in Frameworks */ = {isa = PBXBuildFile; fileRef = BDA930032140497CB535308D /* Pods_RateGoods.framework */; };
		DD4E258D21D8D47800D5777B /* Store.swift in Sources */ = {isa = PBXBuildFile; fileRef = DD4E258C21D8D47800D5777B /* Store.swift */; };
		DD4E259121D8F14F00D5777B /* StoreInfoPanel.swift in Sources */ = {isa = PBXBuildFile; fileRef = DD4E259021D8F14F00D5777B /* StoreInfoPanel.swift */; };
		DD4E259321D8F16100D5777B /* StoreInfoPanel.xib in Resources */ = {isa = PBXBuildFile; fileRef = DD4E259221D8F16100D5777B /* StoreInfoPanel.xib */; };
		DD4E25A321D912B500D5777B /* StoreInfoViewController.swift in Sources */ = {isa = PBXBuildFile; fileRef = DD4E25A221D912B500D5777B /* StoreInfoViewController.swift */; };
		DD51A42E21E7724600D0A5DC /* GoodsViewCoordinator.swift in Sources */ = {isa = PBXBuildFile; fileRef = DD51A42D21E7724600D0A5DC /* GoodsViewCoordinator.swift */; };
		DD51A43021E7726300D0A5DC /* GoodsViewInteractor.swift in Sources */ = {isa = PBXBuildFile; fileRef = DD51A42F21E7726300D0A5DC /* GoodsViewInteractor.swift */; };
		DD57500721E9D72600300857 /* GoodsAddingViewController.swift in Sources */ = {isa = PBXBuildFile; fileRef = DD57500621E9D72600300857 /* GoodsAddingViewController.swift */; };
		DD57500921E9D8E500300857 /* GoodsAddingViewInteractor.swift in Sources */ = {isa = PBXBuildFile; fileRef = DD57500821E9D8E500300857 /* GoodsAddingViewInteractor.swift */; };
		DD57500B21E9D93A00300857 /* GoodsAddingViewCoordinator.swift in Sources */ = {isa = PBXBuildFile; fileRef = DD57500A21E9D93A00300857 /* GoodsAddingViewCoordinator.swift */; };
		DD63390021E2339500F6D06A /* Goods.storyboard in Resources */ = {isa = PBXBuildFile; fileRef = DD6338FF21E2339500F6D06A /* Goods.storyboard */; };
		DD63390321E233E800F6D06A /* GoodsViewController.swift in Sources */ = {isa = PBXBuildFile; fileRef = DD63390221E233E800F6D06A /* GoodsViewController.swift */; };
		DD63390521E2405500F6D06A /* GoodsCell.swift in Sources */ = {isa = PBXBuildFile; fileRef = DD63390421E2405500F6D06A /* GoodsCell.swift */; };
		DD63390721E2817B00F6D06A /* StoreInfoViewCoordinator.swift in Sources */ = {isa = PBXBuildFile; fileRef = DD63390621E2817B00F6D06A /* StoreInfoViewCoordinator.swift */; };
		DD63390921E2818C00F6D06A /* StoreAddingViewCoordiantor.swift in Sources */ = {isa = PBXBuildFile; fileRef = DD63390821E2818C00F6D06A /* StoreAddingViewCoordiantor.swift */; };
		DD63390B21E2AB9A00F6D06A /* StoreInfoViewInteractor.swift in Sources */ = {isa = PBXBuildFile; fileRef = DD63390A21E2AB9A00F6D06A /* StoreInfoViewInteractor.swift */; };
		DD63390D21E2ABB100F6D06A /* StoreAddingViewInteractor.swift in Sources */ = {isa = PBXBuildFile; fileRef = DD63390C21E2ABB100F6D06A /* StoreAddingViewInteractor.swift */; };
		DD7B8EB921FA0AA3002BABC2 /* AuthViewController.swift in Sources */ = {isa = PBXBuildFile; fileRef = DD7B8EB821FA0AA3002BABC2 /* AuthViewController.swift */; };
		DD7B8EBB21FA0ABB002BABC2 /* AuthViewInteractor.swift in Sources */ = {isa = PBXBuildFile; fileRef = DD7B8EBA21FA0ABB002BABC2 /* AuthViewInteractor.swift */; };
		DD82BB1921D3DEC9005BE3EF /* StoreAddingPanel.xib in Resources */ = {isa = PBXBuildFile; fileRef = DD82BB1821D3DEC9005BE3EF /* StoreAddingPanel.xib */; };
		DD82BB1B21D3DF01005BE3EF /* StoreAddingPanel.swift in Sources */ = {isa = PBXBuildFile; fileRef = DD82BB1A21D3DF01005BE3EF /* StoreAddingPanel.swift */; };
		DD82BB1E21D3EC8E005BE3EF /* R.generated.swift in Sources */ = {isa = PBXBuildFile; fileRef = DD82BB1D21D3EC8E005BE3EF /* R.generated.swift */; };
		DD88533E21E8B42400D75F6F /* MainView.swift in Sources */ = {isa = PBXBuildFile; fileRef = DD88533D21E8B42400D75F6F /* MainView.swift */; };
		DD88534021E8B43500D75F6F /* AdditionalView.swift in Sources */ = {isa = PBXBuildFile; fileRef = DD88533F21E8B43500D75F6F /* AdditionalView.swift */; };
		DD88534221E8B48300D75F6F /* MainView.xib in Resources */ = {isa = PBXBuildFile; fileRef = DD88534121E8B48300D75F6F /* MainView.xib */; };
		DD88534421E8B6A600D75F6F /* AdditionalView.xib in Resources */ = {isa = PBXBuildFile; fileRef = DD88534321E8B6A600D75F6F /* AdditionalView.xib */; };
		DD8C8F8A21F1F31700A7BDE6 /* Model.xcdatamodeld in Sources */ = {isa = PBXBuildFile; fileRef = DD8C8F8821F1F31700A7BDE6 /* Model.xcdatamodeld */; };
		DD8C8F8C21F28BE700A7BDE6 /* CoreDataManager.swift in Sources */ = {isa = PBXBuildFile; fileRef = DD8C8F8B21F28BE700A7BDE6 /* CoreDataManager.swift */; };
		DD9935F621EA9A2C003793B1 /* Review.swift in Sources */ = {isa = PBXBuildFile; fileRef = DD9935F521EA9A2C003793B1 /* Review.swift */; };
		DD9935F821EA9A3A003793B1 /* Goods.swift in Sources */ = {isa = PBXBuildFile; fileRef = DD9935F721EA9A3A003793B1 /* Goods.swift */; };
		DDA3646721E364E700FA34BD /* Constants.swift in Sources */ = {isa = PBXBuildFile; fileRef = DDA3646621E364E700FA34BD /* Constants.swift */; };
		DDA3646921E36E2D00FA34BD /* Result.swift in Sources */ = {isa = PBXBuildFile; fileRef = DDA3646821E36E2D00FA34BD /* Result.swift */; };
		DDB4077C21F62571004590E5 /* Reviews.storyboard in Resources */ = {isa = PBXBuildFile; fileRef = DDB4077B21F62571004590E5 /* Reviews.storyboard */; };
		DDB4078021F67815004590E5 /* ReviewCell.swift in Sources */ = {isa = PBXBuildFile; fileRef = DDB4077F21F67815004590E5 /* ReviewCell.swift */; };
		DDBAC72021CC3E6B00C8B743 /* MapViewInteractor.swift in Sources */ = {isa = PBXBuildFile; fileRef = DDBAC71F21CC3E6B00C8B743 /* MapViewInteractor.swift */; };
		DDBFEBD421CCEF4C00A34FBB /* DatabaseManager.swift in Sources */ = {isa = PBXBuildFile; fileRef = DDBFEBD321CCEF4C00A34FBB /* DatabaseManager.swift */; };
		DDBFEBD721CD5A8300A34FBB /* Map.storyboard in Resources */ = {isa = PBXBuildFile; fileRef = DDBFEBD621CD5A8300A34FBB /* Map.storyboard */; };
		DDBFEBD921CD5A9700A34FBB /* Search.storyboard in Resources */ = {isa = PBXBuildFile; fileRef = DDBFEBD821CD5A9700A34FBB /* Search.storyboard */; };
		DDBFEBDB21CD5AA300A34FBB /* Popular.storyboard in Resources */ = {isa = PBXBuildFile; fileRef = DDBFEBDA21CD5AA300A34FBB /* Popular.storyboard */; };
		DDBFEBDD21CD5AB500A34FBB /* Settings.storyboard in Resources */ = {isa = PBXBuildFile; fileRef = DDBFEBDC21CD5AB500A34FBB /* Settings.storyboard */; };
		DDBFEBDF21CD5ADA00A34FBB /* Favourites.storyboard in Resources */ = {isa = PBXBuildFile; fileRef = DDBFEBDE21CD5ADA00A34FBB /* Favourites.storyboard */; };
		DDC0F5C021D78C2400E79FD6 /* StorageManager.swift in Sources */ = {isa = PBXBuildFile; fileRef = DDC0F5BF21D78C2400E79FD6 /* StorageManager.swift */; };
		DDC3B4B121C4331700C056FC /* SearchViewController.swift in Sources */ = {isa = PBXBuildFile; fileRef = DDC3B4B021C4331600C056FC /* SearchViewController.swift */; };
		DDC8149A21C7DDA200C9232E /* GoogleService-Info.plist in Resources */ = {isa = PBXBuildFile; fileRef = DDC8149921C7DDA200C9232E /* GoogleService-Info.plist */; };
		DDD564AC21CE59AA00EC6649 /* MapViewCoordinator.swift in Sources */ = {isa = PBXBuildFile; fileRef = DDD564AB21CE59AA00EC6649 /* MapViewCoordinator.swift */; };
		DDD564B021CE8BEA00EC6649 /* PopularViewController.swift in Sources */ = {isa = PBXBuildFile; fileRef = DDD564AF21CE8BEA00EC6649 /* PopularViewController.swift */; };
		DDD564B221CE8C0900EC6649 /* PopularViewInteractor.swift in Sources */ = {isa = PBXBuildFile; fileRef = DDD564B121CE8C0900EC6649 /* PopularViewInteractor.swift */; };
		DDD564B421CE8CF200EC6649 /* FavouritesViewController.swift in Sources */ = {isa = PBXBuildFile; fileRef = DDD564B321CE8CF200EC6649 /* FavouritesViewController.swift */; };
		DDD564B621CE8D0200EC6649 /* FavouritesViewInteractor.swift in Sources */ = {isa = PBXBuildFile; fileRef = DDD564B521CE8D0200EC6649 /* FavouritesViewInteractor.swift */; };
		DDD564B821CE8D1D00EC6649 /* SearchViewInteractor.swift in Sources */ = {isa = PBXBuildFile; fileRef = DDD564B721CE8D1D00EC6649 /* SearchViewInteractor.swift */; };
		DDD564BA21CE8D4800EC6649 /* SearchViewCoordinator.swift in Sources */ = {isa = PBXBuildFile; fileRef = DDD564B921CE8D4800EC6649 /* SearchViewCoordinator.swift */; };
		DDD564BC21CE8D5800EC6649 /* PopularViewCoordinator.swift in Sources */ = {isa = PBXBuildFile; fileRef = DDD564BB21CE8D5800EC6649 /* PopularViewCoordinator.swift */; };
		DDD564BE21CE8D6F00EC6649 /* FavouritesViewCoordinator.swift in Sources */ = {isa = PBXBuildFile; fileRef = DDD564BD21CE8D6F00EC6649 /* FavouritesViewCoordinator.swift */; };
		DDDC6BA721C40E450049888D /* AppDelegate.swift in Sources */ = {isa = PBXBuildFile; fileRef = DDDC6BA621C40E450049888D /* AppDelegate.swift */; };
		DDDC6BA921C40E450049888D /* MapViewController.swift in Sources */ = {isa = PBXBuildFile; fileRef = DDDC6BA821C40E450049888D /* MapViewController.swift */; };
		DDDC6BAC21C40E450049888D /* Main.storyboard in Resources */ = {isa = PBXBuildFile; fileRef = DDDC6BAA21C40E450049888D /* Main.storyboard */; };
		DDDC6BAE21C40E470049888D /* Assets.xcassets in Resources */ = {isa = PBXBuildFile; fileRef = DDDC6BAD21C40E470049888D /* Assets.xcassets */; };
		DDDC6BB121C40E470049888D /* LaunchScreen.storyboard in Resources */ = {isa = PBXBuildFile; fileRef = DDDC6BAF21C40E470049888D /* LaunchScreen.storyboard */; };
		DDDD27FF21CE448700E6F4A3 /* AppCoordinator.swift in Sources */ = {isa = PBXBuildFile; fileRef = DDDD27FE21CE448700E6F4A3 /* AppCoordinator.swift */; };
		DDDD280121CE463400E6F4A3 /* TabsCoordinator.swift in Sources */ = {isa = PBXBuildFile; fileRef = DDDD280021CE463400E6F4A3 /* TabsCoordinator.swift */; };
		DDDD280321CE476900E6F4A3 /* Coordinator.swift in Sources */ = {isa = PBXBuildFile; fileRef = DDDD280221CE476900E6F4A3 /* Coordinator.swift */; };
		DDE1343E21DE3D5800AA170B /* CLLocationCoordinate2D+operatorOverloading.swift in Sources */ = {isa = PBXBuildFile; fileRef = DDE1343D21DE3D5800AA170B /* CLLocationCoordinate2D+operatorOverloading.swift */; };
		DDE1344021DE6BF200AA170B /* UIColor+purple.swift in Sources */ = {isa = PBXBuildFile; fileRef = DDE1343F21DE6BF200AA170B /* UIColor+purple.swift */; };
		DDE1344221DE6C0E00AA170B /* String+isEmpty.swift in Sources */ = {isa = PBXBuildFile; fileRef = DDE1344121DE6C0E00AA170B /* String+isEmpty.swift */; };
		DDF57E2A21CFF3B700E4C94C /* StoreAddingViewController.swift in Sources */ = {isa = PBXBuildFile; fileRef = DDF57E2921CFF3B700E4C94C /* StoreAddingViewController.swift */; };
		DDF57E2E21D0066900E4C94C /* FloatingPanelLayout.swift in Sources */ = {isa = PBXBuildFile; fileRef = DDF57E2D21D0066900E4C94C /* FloatingPanelLayout.swift */; };
/* End PBXBuildFile section */

/* Begin PBXFileReference section */
		A3849616A1601D111E7ABA35 /* Pods-RateGoods.debug.xcconfig */ = {isa = PBXFileReference; includeInIndex = 1; lastKnownFileType = text.xcconfig; name = "Pods-RateGoods.debug.xcconfig"; path = "Pods/Target Support Files/Pods-RateGoods/Pods-RateGoods.debug.xcconfig"; sourceTree = "<group>"; };
		BB8FDA0A84C845E13401FAE0 /* Pods-RateGoods.release.xcconfig */ = {isa = PBXFileReference; includeInIndex = 1; lastKnownFileType = text.xcconfig; name = "Pods-RateGoods.release.xcconfig"; path = "Pods/Target Support Files/Pods-RateGoods/Pods-RateGoods.release.xcconfig"; sourceTree = "<group>"; };
		BDA930032140497CB535308D /* Pods_RateGoods.framework */ = {isa = PBXFileReference; explicitFileType = wrapper.framework; includeInIndex = 0; path = Pods_RateGoods.framework; sourceTree = BUILT_PRODUCTS_DIR; };
		DD4E258C21D8D47800D5777B /* Store.swift */ = {isa = PBXFileReference; lastKnownFileType = sourcecode.swift; path = Store.swift; sourceTree = "<group>"; };
		DD4E259021D8F14F00D5777B /* StoreInfoPanel.swift */ = {isa = PBXFileReference; lastKnownFileType = sourcecode.swift; path = StoreInfoPanel.swift; sourceTree = "<group>"; };
		DD4E259221D8F16100D5777B /* StoreInfoPanel.xib */ = {isa = PBXFileReference; lastKnownFileType = file.xib; path = StoreInfoPanel.xib; sourceTree = "<group>"; };
		DD4E25A221D912B500D5777B /* StoreInfoViewController.swift */ = {isa = PBXFileReference; lastKnownFileType = sourcecode.swift; path = StoreInfoViewController.swift; sourceTree = "<group>"; };
		DD51A42D21E7724600D0A5DC /* GoodsViewCoordinator.swift */ = {isa = PBXFileReference; lastKnownFileType = sourcecode.swift; path = GoodsViewCoordinator.swift; sourceTree = "<group>"; };
		DD51A42F21E7726300D0A5DC /* GoodsViewInteractor.swift */ = {isa = PBXFileReference; lastKnownFileType = sourcecode.swift; path = GoodsViewInteractor.swift; sourceTree = "<group>"; };
		DD57500621E9D72600300857 /* GoodsAddingViewController.swift */ = {isa = PBXFileReference; lastKnownFileType = sourcecode.swift; path = GoodsAddingViewController.swift; sourceTree = "<group>"; };
		DD57500821E9D8E500300857 /* GoodsAddingViewInteractor.swift */ = {isa = PBXFileReference; lastKnownFileType = sourcecode.swift; path = GoodsAddingViewInteractor.swift; sourceTree = "<group>"; };
		DD57500A21E9D93A00300857 /* GoodsAddingViewCoordinator.swift */ = {isa = PBXFileReference; lastKnownFileType = sourcecode.swift; path = GoodsAddingViewCoordinator.swift; sourceTree = "<group>"; };
		DD6338FF21E2339500F6D06A /* Goods.storyboard */ = {isa = PBXFileReference; lastKnownFileType = file.storyboard; path = Goods.storyboard; sourceTree = "<group>"; };
		DD63390221E233E800F6D06A /* GoodsViewController.swift */ = {isa = PBXFileReference; lastKnownFileType = sourcecode.swift; path = GoodsViewController.swift; sourceTree = "<group>"; };
		DD63390421E2405500F6D06A /* GoodsCell.swift */ = {isa = PBXFileReference; lastKnownFileType = sourcecode.swift; path = GoodsCell.swift; sourceTree = "<group>"; };
		DD63390621E2817B00F6D06A /* StoreInfoViewCoordinator.swift */ = {isa = PBXFileReference; lastKnownFileType = sourcecode.swift; path = StoreInfoViewCoordinator.swift; sourceTree = "<group>"; };
		DD63390821E2818C00F6D06A /* StoreAddingViewCoordiantor.swift */ = {isa = PBXFileReference; lastKnownFileType = sourcecode.swift; path = StoreAddingViewCoordiantor.swift; sourceTree = "<group>"; };
		DD63390A21E2AB9A00F6D06A /* StoreInfoViewInteractor.swift */ = {isa = PBXFileReference; lastKnownFileType = sourcecode.swift; path = StoreInfoViewInteractor.swift; sourceTree = "<group>"; };
		DD63390C21E2ABB100F6D06A /* StoreAddingViewInteractor.swift */ = {isa = PBXFileReference; lastKnownFileType = sourcecode.swift; path = StoreAddingViewInteractor.swift; sourceTree = "<group>"; };
		DD7B8EB821FA0AA3002BABC2 /* AuthViewController.swift */ = {isa = PBXFileReference; lastKnownFileType = sourcecode.swift; path = AuthViewController.swift; sourceTree = "<group>"; };
		DD7B8EBA21FA0ABB002BABC2 /* AuthViewInteractor.swift */ = {isa = PBXFileReference; lastKnownFileType = sourcecode.swift; path = AuthViewInteractor.swift; sourceTree = "<group>"; };
		DD82BB1821D3DEC9005BE3EF /* StoreAddingPanel.xib */ = {isa = PBXFileReference; lastKnownFileType = file.xib; path = StoreAddingPanel.xib; sourceTree = "<group>"; };
		DD82BB1A21D3DF01005BE3EF /* StoreAddingPanel.swift */ = {isa = PBXFileReference; lastKnownFileType = sourcecode.swift; path = StoreAddingPanel.swift; sourceTree = "<group>"; };
		DD82BB1D21D3EC8E005BE3EF /* R.generated.swift */ = {isa = PBXFileReference; fileEncoding = 4; lastKnownFileType = sourcecode.swift; path = R.generated.swift; sourceTree = SOURCE_ROOT; };
		DD88533D21E8B42400D75F6F /* MainView.swift */ = {isa = PBXFileReference; lastKnownFileType = sourcecode.swift; path = MainView.swift; sourceTree = "<group>"; };
		DD88533F21E8B43500D75F6F /* AdditionalView.swift */ = {isa = PBXFileReference; lastKnownFileType = sourcecode.swift; path = AdditionalView.swift; sourceTree = "<group>"; };
		DD88534121E8B48300D75F6F /* MainView.xib */ = {isa = PBXFileReference; lastKnownFileType = file.xib; path = MainView.xib; sourceTree = "<group>"; };
		DD88534321E8B6A600D75F6F /* AdditionalView.xib */ = {isa = PBXFileReference; lastKnownFileType = file.xib; path = AdditionalView.xib; sourceTree = "<group>"; };
		DD8C8F8921F1F31700A7BDE6 /* Model.xcdatamodel */ = {isa = PBXFileReference; lastKnownFileType = wrapper.xcdatamodel; path = Model.xcdatamodel; sourceTree = "<group>"; };
		DD8C8F8B21F28BE700A7BDE6 /* CoreDataManager.swift */ = {isa = PBXFileReference; lastKnownFileType = sourcecode.swift; path = CoreDataManager.swift; sourceTree = "<group>"; };
		DD9935F521EA9A2C003793B1 /* Review.swift */ = {isa = PBXFileReference; lastKnownFileType = sourcecode.swift; path = Review.swift; sourceTree = "<group>"; };
		DD9935F721EA9A3A003793B1 /* Goods.swift */ = {isa = PBXFileReference; lastKnownFileType = sourcecode.swift; path = Goods.swift; sourceTree = "<group>"; };
		DDA3646621E364E700FA34BD /* Constants.swift */ = {isa = PBXFileReference; lastKnownFileType = sourcecode.swift; path = Constants.swift; sourceTree = "<group>"; };
		DDA3646821E36E2D00FA34BD /* Result.swift */ = {isa = PBXFileReference; lastKnownFileType = sourcecode.swift; path = Result.swift; sourceTree = "<group>"; };
		DDB4077B21F62571004590E5 /* Reviews.storyboard */ = {isa = PBXFileReference; lastKnownFileType = file.storyboard; path = Reviews.storyboard; sourceTree = "<group>"; };
		DDB4077F21F67815004590E5 /* ReviewCell.swift */ = {isa = PBXFileReference; lastKnownFileType = sourcecode.swift; path = ReviewCell.swift; sourceTree = "<group>"; };
		DDBAC71F21CC3E6B00C8B743 /* MapViewInteractor.swift */ = {isa = PBXFileReference; lastKnownFileType = sourcecode.swift; path = MapViewInteractor.swift; sourceTree = "<group>"; };
		DDBFEBD321CCEF4C00A34FBB /* DatabaseManager.swift */ = {isa = PBXFileReference; lastKnownFileType = sourcecode.swift; path = DatabaseManager.swift; sourceTree = "<group>"; };
		DDBFEBD621CD5A8300A34FBB /* Map.storyboard */ = {isa = PBXFileReference; lastKnownFileType = file.storyboard; path = Map.storyboard; sourceTree = "<group>"; };
		DDBFEBD821CD5A9700A34FBB /* Search.storyboard */ = {isa = PBXFileReference; lastKnownFileType = file.storyboard; path = Search.storyboard; sourceTree = "<group>"; };
		DDBFEBDA21CD5AA300A34FBB /* Popular.storyboard */ = {isa = PBXFileReference; lastKnownFileType = file.storyboard; path = Popular.storyboard; sourceTree = "<group>"; };
		DDBFEBDC21CD5AB500A34FBB /* Settings.storyboard */ = {isa = PBXFileReference; lastKnownFileType = file.storyboard; path = Settings.storyboard; sourceTree = "<group>"; };
		DDBFEBDE21CD5ADA00A34FBB /* Favourites.storyboard */ = {isa = PBXFileReference; lastKnownFileType = file.storyboard; path = Favourites.storyboard; sourceTree = "<group>"; };
		DDC0F5BF21D78C2400E79FD6 /* StorageManager.swift */ = {isa = PBXFileReference; lastKnownFileType = sourcecode.swift; path = StorageManager.swift; sourceTree = "<group>"; };
		DDC3B4B021C4331600C056FC /* SearchViewController.swift */ = {isa = PBXFileReference; lastKnownFileType = sourcecode.swift; path = SearchViewController.swift; sourceTree = "<group>"; };
		DDC8149921C7DDA200C9232E /* GoogleService-Info.plist */ = {isa = PBXFileReference; fileEncoding = 4; lastKnownFileType = text.plist.xml; path = "GoogleService-Info.plist"; sourceTree = "<group>"; };
		DDD564AB21CE59AA00EC6649 /* MapViewCoordinator.swift */ = {isa = PBXFileReference; lastKnownFileType = sourcecode.swift; path = MapViewCoordinator.swift; sourceTree = "<group>"; };
		DDD564AF21CE8BEA00EC6649 /* PopularViewController.swift */ = {isa = PBXFileReference; lastKnownFileType = sourcecode.swift; path = PopularViewController.swift; sourceTree = "<group>"; };
		DDD564B121CE8C0900EC6649 /* PopularViewInteractor.swift */ = {isa = PBXFileReference; lastKnownFileType = sourcecode.swift; path = PopularViewInteractor.swift; sourceTree = "<group>"; };
		DDD564B321CE8CF200EC6649 /* FavouritesViewController.swift */ = {isa = PBXFileReference; lastKnownFileType = sourcecode.swift; path = FavouritesViewController.swift; sourceTree = "<group>"; };
		DDD564B521CE8D0200EC6649 /* FavouritesViewInteractor.swift */ = {isa = PBXFileReference; lastKnownFileType = sourcecode.swift; path = FavouritesViewInteractor.swift; sourceTree = "<group>"; };
		DDD564B721CE8D1D00EC6649 /* SearchViewInteractor.swift */ = {isa = PBXFileReference; lastKnownFileType = sourcecode.swift; path = SearchViewInteractor.swift; sourceTree = "<group>"; };
		DDD564B921CE8D4800EC6649 /* SearchViewCoordinator.swift */ = {isa = PBXFileReference; lastKnownFileType = sourcecode.swift; path = SearchViewCoordinator.swift; sourceTree = "<group>"; };
		DDD564BB21CE8D5800EC6649 /* PopularViewCoordinator.swift */ = {isa = PBXFileReference; lastKnownFileType = sourcecode.swift; path = PopularViewCoordinator.swift; sourceTree = "<group>"; };
		DDD564BD21CE8D6F00EC6649 /* FavouritesViewCoordinator.swift */ = {isa = PBXFileReference; lastKnownFileType = sourcecode.swift; path = FavouritesViewCoordinator.swift; sourceTree = "<group>"; };
		DDDC6BA321C40E440049888D /* RateGoods.app */ = {isa = PBXFileReference; explicitFileType = wrapper.application; includeInIndex = 0; path = RateGoods.app; sourceTree = BUILT_PRODUCTS_DIR; };
		DDDC6BA621C40E450049888D /* AppDelegate.swift */ = {isa = PBXFileReference; lastKnownFileType = sourcecode.swift; path = AppDelegate.swift; sourceTree = "<group>"; };
		DDDC6BA821C40E450049888D /* MapViewController.swift */ = {isa = PBXFileReference; lastKnownFileType = sourcecode.swift; path = MapViewController.swift; sourceTree = "<group>"; };
		DDDC6BAB21C40E450049888D /* Base */ = {isa = PBXFileReference; lastKnownFileType = file.storyboard; name = Base; path = Base.lproj/Main.storyboard; sourceTree = "<group>"; };
		DDDC6BAD21C40E470049888D /* Assets.xcassets */ = {isa = PBXFileReference; lastKnownFileType = folder.assetcatalog; path = Assets.xcassets; sourceTree = "<group>"; };
		DDDC6BB021C40E470049888D /* Base */ = {isa = PBXFileReference; lastKnownFileType = file.storyboard; name = Base; path = Base.lproj/LaunchScreen.storyboard; sourceTree = "<group>"; };
		DDDC6BB221C40E470049888D /* Info.plist */ = {isa = PBXFileReference; lastKnownFileType = text.plist.xml; path = Info.plist; sourceTree = "<group>"; };
		DDDD27FE21CE448700E6F4A3 /* AppCoordinator.swift */ = {isa = PBXFileReference; lastKnownFileType = sourcecode.swift; path = AppCoordinator.swift; sourceTree = "<group>"; };
		DDDD280021CE463400E6F4A3 /* TabsCoordinator.swift */ = {isa = PBXFileReference; lastKnownFileType = sourcecode.swift; path = TabsCoordinator.swift; sourceTree = "<group>"; };
		DDDD280221CE476900E6F4A3 /* Coordinator.swift */ = {isa = PBXFileReference; lastKnownFileType = sourcecode.swift; path = Coordinator.swift; sourceTree = "<group>"; };
		DDE1343D21DE3D5800AA170B /* CLLocationCoordinate2D+operatorOverloading.swift */ = {isa = PBXFileReference; lastKnownFileType = sourcecode.swift; path = "CLLocationCoordinate2D+operatorOverloading.swift"; sourceTree = "<group>"; };
		DDE1343F21DE6BF200AA170B /* UIColor+purple.swift */ = {isa = PBXFileReference; lastKnownFileType = sourcecode.swift; path = "UIColor+purple.swift"; sourceTree = "<group>"; };
		DDE1344121DE6C0E00AA170B /* String+isEmpty.swift */ = {isa = PBXFileReference; lastKnownFileType = sourcecode.swift; path = "String+isEmpty.swift"; sourceTree = "<group>"; };
		DDF57E2921CFF3B700E4C94C /* StoreAddingViewController.swift */ = {isa = PBXFileReference; lastKnownFileType = sourcecode.swift; path = StoreAddingViewController.swift; sourceTree = "<group>"; };
		DDF57E2D21D0066900E4C94C /* FloatingPanelLayout.swift */ = {isa = PBXFileReference; lastKnownFileType = sourcecode.swift; path = FloatingPanelLayout.swift; sourceTree = "<group>"; };
/* End PBXFileReference section */

/* Begin PBXFrameworksBuildPhase section */
		DDDC6BA021C40E440049888D /* Frameworks */ = {
			isa = PBXFrameworksBuildPhase;
			buildActionMask = 2147483647;
			files = (
				52DC3EB221BDE2CD1122938A /* Pods_RateGoods.framework in Frameworks */,
			);
			runOnlyForDeploymentPostprocessing = 0;
		};
/* End PBXFrameworksBuildPhase section */

/* Begin PBXGroup section */
		C4D0189D193C251A37A5A867 /* Pods */ = {
			isa = PBXGroup;
			children = (
				A3849616A1601D111E7ABA35 /* Pods-RateGoods.debug.xcconfig */,
				BB8FDA0A84C845E13401FAE0 /* Pods-RateGoods.release.xcconfig */,
			);
			name = Pods;
			sourceTree = "<group>";
		};
		D599AA9F9960A9FEA0F8FB4E /* Frameworks */ = {
			isa = PBXGroup;
			children = (
				BDA930032140497CB535308D /* Pods_RateGoods.framework */,
			);
			name = Frameworks;
			sourceTree = "<group>";
		};
		DD4337FC21C93B9F000AF8EF /* Resources */ = {
			isa = PBXGroup;
			children = (
				DD82BB1D21D3EC8E005BE3EF /* R.generated.swift */,
				DDC8149921C7DDA200C9232E /* GoogleService-Info.plist */,
				DDDC6BB221C40E470049888D /* Info.plist */,
				DDDC6BAD21C40E470049888D /* Assets.xcassets */,
			);
			name = Resources;
			sourceTree = "<group>";
		};
		DD4E258B21D8D45200D5777B /* Model */ = {
			isa = PBXGroup;
			children = (
				DD4E258C21D8D47800D5777B /* Store.swift */,
				DD9935F521EA9A2C003793B1 /* Review.swift */,
				DD9935F721EA9A3A003793B1 /* Goods.swift */,
			);
			path = Model;
			sourceTree = "<group>";
		};
		DD57500521E9D70400300857 /* GoodsAddingViewController */ = {
			isa = PBXGroup;
			children = (
				DD57500621E9D72600300857 /* GoodsAddingViewController.swift */,
				DD57500821E9D8E500300857 /* GoodsAddingViewInteractor.swift */,
			);
			path = GoodsAddingViewController;
			sourceTree = "<group>";
		};
		DD6338F321E2009500F6D06A /* Storyboards */ = {
			isa = PBXGroup;
			children = (
				DDDC6BAF21C40E470049888D /* LaunchScreen.storyboard */,
				DDDC6BAA21C40E450049888D /* Main.storyboard */,
				DDBFEBD621CD5A8300A34FBB /* Map.storyboard */,
				DDBFEBD821CD5A9700A34FBB /* Search.storyboard */,
				DDBFEBDA21CD5AA300A34FBB /* Popular.storyboard */,
				DDBFEBDC21CD5AB500A34FBB /* Settings.storyboard */,
				DDBFEBDE21CD5ADA00A34FBB /* Favourites.storyboard */,
				DD6338FF21E2339500F6D06A /* Goods.storyboard */,
				DDB4077B21F62571004590E5 /* Reviews.storyboard */,
			);
			path = Storyboards;
			sourceTree = "<group>";
		};
		DD6338F421E200D400F6D06A /* Coordinators */ = {
			isa = PBXGroup;
			children = (
				DDDD280221CE476900E6F4A3 /* Coordinator.swift */,
				DDDD27FE21CE448700E6F4A3 /* AppCoordinator.swift */,
				DDDD280021CE463400E6F4A3 /* TabsCoordinator.swift */,
				DDD564AB21CE59AA00EC6649 /* MapViewCoordinator.swift */,
				DD63390621E2817B00F6D06A /* StoreInfoViewCoordinator.swift */,
				DD63390821E2818C00F6D06A /* StoreAddingViewCoordiantor.swift */,
				DD51A42D21E7724600D0A5DC /* GoodsViewCoordinator.swift */,
				DD57500A21E9D93A00300857 /* GoodsAddingViewCoordinator.swift */,
				DDD564B921CE8D4800EC6649 /* SearchViewCoordinator.swift */,
				DDD564BB21CE8D5800EC6649 /* PopularViewCoordinator.swift */,
				DDD564BD21CE8D6F00EC6649 /* FavouritesViewCoordinator.swift */,
			);
			path = Coordinators;
			sourceTree = "<group>";
		};
		DD6338F521E2010A00F6D06A /* ViewControllers */ = {
			isa = PBXGroup;
			children = (
				DD7B8EB721FA0A84002BABC2 /* AuthViewContoller */,
				DD6338F921E201F900F6D06A /* MapViewController */,
				DD6338FE21E2023A00F6D06A /* StoreInfoViewController */,
				DD6338FD21E2022500F6D06A /* StoreAddingViewController */,
				DD63390121E233C000F6D06A /* GoodsViewController */,
				DD57500521E9D70400300857 /* GoodsAddingViewController */,
				DD6338FA21E2020300F6D06A /* SearchViewController */,
				DD6338FB21E2020E00F6D06A /* PopularViewController */,
				DD6338FC21E2021800F6D06A /* FavouritesViewContrller */,
				DDB4077D21F6257A004590E5 /* ReviewsViewController */,
			);
			path = ViewControllers;
			sourceTree = "<group>";
		};
		DD6338F921E201F900F6D06A /* MapViewController */ = {
			isa = PBXGroup;
			children = (
				DDBAC71F21CC3E6B00C8B743 /* MapViewInteractor.swift */,
				DDDC6BA821C40E450049888D /* MapViewController.swift */,
			);
			path = MapViewController;
			sourceTree = "<group>";
		};
		DD6338FA21E2020300F6D06A /* SearchViewController */ = {
			isa = PBXGroup;
			children = (
				DDC3B4B021C4331600C056FC /* SearchViewController.swift */,
				DDD564B721CE8D1D00EC6649 /* SearchViewInteractor.swift */,
			);
			path = SearchViewController;
			sourceTree = "<group>";
		};
		DD6338FB21E2020E00F6D06A /* PopularViewController */ = {
			isa = PBXGroup;
			children = (
				DDD564AF21CE8BEA00EC6649 /* PopularViewController.swift */,
				DDD564B121CE8C0900EC6649 /* PopularViewInteractor.swift */,
			);
			path = PopularViewController;
			sourceTree = "<group>";
		};
		DD6338FC21E2021800F6D06A /* FavouritesViewContrller */ = {
			isa = PBXGroup;
			children = (
				DDD564B321CE8CF200EC6649 /* FavouritesViewController.swift */,
				DDD564B521CE8D0200EC6649 /* FavouritesViewInteractor.swift */,
			);
			path = FavouritesViewContrller;
			sourceTree = "<group>";
		};
		DD6338FD21E2022500F6D06A /* StoreAddingViewController */ = {
			isa = PBXGroup;
			children = (
				DDF57E2921CFF3B700E4C94C /* StoreAddingViewController.swift */,
				DD63390C21E2ABB100F6D06A /* StoreAddingViewInteractor.swift */,
			);
			path = StoreAddingViewController;
			sourceTree = "<group>";
		};
		DD6338FE21E2023A00F6D06A /* StoreInfoViewController */ = {
			isa = PBXGroup;
			children = (
				DD4E25A221D912B500D5777B /* StoreInfoViewController.swift */,
				DD63390A21E2AB9A00F6D06A /* StoreInfoViewInteractor.swift */,
			);
			path = StoreInfoViewController;
			sourceTree = "<group>";
		};
		DD63390121E233C000F6D06A /* GoodsViewController */ = {
			isa = PBXGroup;
			children = (
				DD63390221E233E800F6D06A /* GoodsViewController.swift */,
				DD51A42F21E7726300D0A5DC /* GoodsViewInteractor.swift */,
			);
			path = GoodsViewController;
			sourceTree = "<group>";
		};
		DD7B8EB721FA0A84002BABC2 /* AuthViewContoller */ = {
			isa = PBXGroup;
			children = (
				DD7B8EB821FA0AA3002BABC2 /* AuthViewController.swift */,
				DD7B8EBA21FA0ABB002BABC2 /* AuthViewInteractor.swift */,
			);
			path = AuthViewContoller;
			sourceTree = "<group>";
		};
		DD88533921E8B3D600D75F6F /* StoreAddingPanel */ = {
			isa = PBXGroup;
			children = (
				DD82BB1A21D3DF01005BE3EF /* StoreAddingPanel.swift */,
				DD82BB1821D3DEC9005BE3EF /* StoreAddingPanel.xib */,
			);
			path = StoreAddingPanel;
			sourceTree = "<group>";
		};
		DD88533A21E8B3E800D75F6F /* StoreInfoPanel */ = {
			isa = PBXGroup;
			children = (
				DD4E259021D8F14F00D5777B /* StoreInfoPanel.swift */,
				DD4E259221D8F16100D5777B /* StoreInfoPanel.xib */,
			);
			path = StoreInfoPanel;
			sourceTree = "<group>";
		};
		DD88533B21E8B3FB00D75F6F /* GoodsCell */ = {
			isa = PBXGroup;
			children = (
				DD63390421E2405500F6D06A /* GoodsCell.swift */,
				DD88533D21E8B42400D75F6F /* MainView.swift */,
				DD88533F21E8B43500D75F6F /* AdditionalView.swift */,
				DD88534121E8B48300D75F6F /* MainView.xib */,
				DD88534321E8B6A600D75F6F /* AdditionalView.xib */,
			);
			path = GoodsCell;
			sourceTree = "<group>";
		};
		DD9935F421EA36F0003793B1 /* Helpers */ = {
			isa = PBXGroup;
			children = (
				DDA3646621E364E700FA34BD /* Constants.swift */,
				DDA3646821E36E2D00FA34BD /* Result.swift */,
			);
			path = Helpers;
			sourceTree = "<group>";
		};
		DDB4077D21F6257A004590E5 /* ReviewsViewController */ = {
			isa = PBXGroup;
			children = (
			);
			path = ReviewsViewController;
			sourceTree = "<group>";
		};
		DDB4077E21F677E4004590E5 /* ReviewCel */ = {
			isa = PBXGroup;
			children = (
				DDB4077F21F67815004590E5 /* ReviewCell.swift */,
			);
			path = ReviewCel;
			sourceTree = "<group>";
		};
		DDBFEBD521CD176500A34FBB /* Extensions */ = {
			isa = PBXGroup;
			children = (
				DDE1343D21DE3D5800AA170B /* CLLocationCoordinate2D+operatorOverloading.swift */,
				DDE1343F21DE6BF200AA170B /* UIColor+purple.swift */,
				DDE1344121DE6C0E00AA170B /* String+isEmpty.swift */,
			);
			path = Extensions;
			sourceTree = "<group>";
		};
		DDDC6B9A21C40E440049888D = {
			isa = PBXGroup;
			children = (
				DDDC6BA521C40E440049888D /* RateGoods */,
				DDDC6BA421C40E440049888D /* Products */,
				C4D0189D193C251A37A5A867 /* Pods */,
				D599AA9F9960A9FEA0F8FB4E /* Frameworks */,
			);
			sourceTree = "<group>";
		};
		DDDC6BA421C40E440049888D /* Products */ = {
			isa = PBXGroup;
			children = (
				DDDC6BA321C40E440049888D /* RateGoods.app */,
			);
			name = Products;
			sourceTree = "<group>";
		};
		DDDC6BA521C40E440049888D /* RateGoods */ = {
			isa = PBXGroup;
			children = (
				DDDC6BA621C40E450049888D /* AppDelegate.swift */,
				DDBFEBD521CD176500A34FBB /* Extensions */,
				DD6338F321E2009500F6D06A /* Storyboards */,
				DD6338F421E200D400F6D06A /* Coordinators */,
				DD9935F421EA36F0003793B1 /* Helpers */,
				DDF57E2321CF8F8300E4C94C /* Managers */,
				DD6338F521E2010A00F6D06A /* ViewControllers */,
				DDF57E2421CFC4E400E4C94C /* Views */,
				DD4E258B21D8D45200D5777B /* Model */,
				DD4337FC21C93B9F000AF8EF /* Resources */,
				DD8C8F8821F1F31700A7BDE6 /* Model.xcdatamodeld */,
			);
			path = RateGoods;
			sourceTree = "<group>";
		};
		DDF57E2321CF8F8300E4C94C /* Managers */ = {
			isa = PBXGroup;
			children = (
				DDBFEBD321CCEF4C00A34FBB /* DatabaseManager.swift */,
				DDC0F5BF21D78C2400E79FD6 /* StorageManager.swift */,
				DD8C8F8B21F28BE700A7BDE6 /* CoreDataManager.swift */,
			);
			path = Managers;
			sourceTree = "<group>";
		};
		DDF57E2421CFC4E400E4C94C /* Views */ = {
			isa = PBXGroup;
			children = (
				DDB4077E21F677E4004590E5 /* ReviewCel */,
				DD88533B21E8B3FB00D75F6F /* GoodsCell */,
				DD88533A21E8B3E800D75F6F /* StoreInfoPanel */,
				DD88533921E8B3D600D75F6F /* StoreAddingPanel */,
				DDF57E2D21D0066900E4C94C /* FloatingPanelLayout.swift */,
			);
			path = Views;
			sourceTree = "<group>";
		};
/* End PBXGroup section */

/* Begin PBXNativeTarget section */
		DDDC6BA221C40E440049888D /* RateGoods */ = {
			isa = PBXNativeTarget;
			buildConfigurationList = DDDC6BB521C40E470049888D /* Build configuration list for PBXNativeTarget "RateGoods" */;
			buildPhases = (
				E15D0382D986B5709F29C0AC /* [CP] Check Pods Manifest.lock */,
				DD534BC521DD47F800ECD808 /* ShellScript */,
				DD534BC321DD356300ECD808 /* ShellScript */,
				DDDC6B9F21C40E440049888D /* Sources */,
				DDDC6BA021C40E440049888D /* Frameworks */,
				DDDC6BA121C40E440049888D /* Resources */,
				8B33F18AAC98AF344E29FE08 /* [CP] Embed Pods Frameworks */,
				665525B12C8549BD8825E3BA /* [CP] Copy Pods Resources */,
			);
			buildRules = (
			);
			dependencies = (
			);
			name = RateGoods;
			productName = RateGoods;
			productReference = DDDC6BA321C40E440049888D /* RateGoods.app */;
			productType = "com.apple.product-type.application";
		};
/* End PBXNativeTarget section */

/* Begin PBXProject section */
		DDDC6B9B21C40E440049888D /* Project object */ = {
			isa = PBXProject;
			attributes = {
				LastSwiftUpdateCheck = 1000;
				LastUpgradeCheck = 1000;
				ORGANIZATIONNAME = Koronchik;
				TargetAttributes = {
					DDDC6BA221C40E440049888D = {
						CreatedOnToolsVersion = 10.0;
					};
				};
			};
			buildConfigurationList = DDDC6B9E21C40E440049888D /* Build configuration list for PBXProject "RateGoods" */;
			compatibilityVersion = "Xcode 9.3";
			developmentRegion = en;
			hasScannedForEncodings = 0;
			knownRegions = (
				en,
				Base,
			);
			mainGroup = DDDC6B9A21C40E440049888D;
			productRefGroup = DDDC6BA421C40E440049888D /* Products */;
			projectDirPath = "";
			projectRoot = "";
			targets = (
				DDDC6BA221C40E440049888D /* RateGoods */,
			);
		};
/* End PBXProject section */

/* Begin PBXResourcesBuildPhase section */
		DDDC6BA121C40E440049888D /* Resources */ = {
			isa = PBXResourcesBuildPhase;
			buildActionMask = 2147483647;
			files = (
				DDBFEBD721CD5A8300A34FBB /* Map.storyboard in Resources */,
				DDDC6BB121C40E470049888D /* LaunchScreen.storyboard in Resources */,
				DD4E259321D8F16100D5777B /* StoreInfoPanel.xib in Resources */,
				DDDC6BAE21C40E470049888D /* Assets.xcassets in Resources */,
				DDB4077C21F62571004590E5 /* Reviews.storyboard in Resources */,
				DD82BB1921D3DEC9005BE3EF /* StoreAddingPanel.xib in Resources */,
				DD88534421E8B6A600D75F6F /* AdditionalView.xib in Resources */,
				DDDC6BAC21C40E450049888D /* Main.storyboard in Resources */,
				DDBFEBDB21CD5AA300A34FBB /* Popular.storyboard in Resources */,
				DD88534221E8B48300D75F6F /* MainView.xib in Resources */,
				DDBFEBD921CD5A9700A34FBB /* Search.storyboard in Resources */,
				DDBFEBDF21CD5ADA00A34FBB /* Favourites.storyboard in Resources */,
				DDC8149A21C7DDA200C9232E /* GoogleService-Info.plist in Resources */,
				DDBFEBDD21CD5AB500A34FBB /* Settings.storyboard in Resources */,
				DD63390021E2339500F6D06A /* Goods.storyboard in Resources */,
			);
			runOnlyForDeploymentPostprocessing = 0;
		};
/* End PBXResourcesBuildPhase section */

/* Begin PBXShellScriptBuildPhase section */
		665525B12C8549BD8825E3BA /* [CP] Copy Pods Resources */ = {
			isa = PBXShellScriptBuildPhase;
			buildActionMask = 2147483647;
			files = (
			);
			inputFileListPaths = (
			);
			inputPaths = (
				"${SRCROOT}/Pods/Target Support Files/Pods-RateGoods/Pods-RateGoods-resources.sh",
				"${PODS_CONFIGURATION_BUILD_DIR}/FirebaseUI/FirebaseAuthUI.bundle",
				"${PODS_CONFIGURATION_BUILD_DIR}/FirebaseUI/FirebaseGoogleAuthUI.bundle",
				"${PODS_ROOT}/GoogleMaps/Maps/Frameworks/GoogleMaps.framework/Resources/GoogleMaps.bundle",
				"${PODS_ROOT}/GoogleSignIn/Resources/GoogleSignIn.bundle",
			);
			name = "[CP] Copy Pods Resources";
			outputFileListPaths = (
			);
			outputPaths = (
				"${TARGET_BUILD_DIR}/${UNLOCALIZED_RESOURCES_FOLDER_PATH}/FirebaseAuthUI.bundle",
				"${TARGET_BUILD_DIR}/${UNLOCALIZED_RESOURCES_FOLDER_PATH}/FirebaseGoogleAuthUI.bundle",
				"${TARGET_BUILD_DIR}/${UNLOCALIZED_RESOURCES_FOLDER_PATH}/GoogleMaps.bundle",
				"${TARGET_BUILD_DIR}/${UNLOCALIZED_RESOURCES_FOLDER_PATH}/GoogleSignIn.bundle",
			);
			runOnlyForDeploymentPostprocessing = 0;
			shellPath = /bin/sh;
			shellScript = "\"${SRCROOT}/Pods/Target Support Files/Pods-RateGoods/Pods-RateGoods-resources.sh\"\n";
			showEnvVarsInLog = 0;
		};
		8B33F18AAC98AF344E29FE08 /* [CP] Embed Pods Frameworks */ = {
			isa = PBXShellScriptBuildPhase;
			buildActionMask = 2147483647;
			files = (
			);
			inputFileListPaths = (
			);
			inputPaths = (
				"${SRCROOT}/Pods/Target Support Files/Pods-RateGoods/Pods-RateGoods-frameworks.sh",
				"${BUILT_PRODUCTS_DIR}/Cosmos/Cosmos.framework",
				"${BUILT_PRODUCTS_DIR}/FloatingPanel/FloatingPanel.framework",
				"${BUILT_PRODUCTS_DIR}/GTMSessionFetcher/GTMSessionFetcher.framework",
				"${BUILT_PRODUCTS_DIR}/GoogleToolboxForMac/GoogleToolboxForMac.framework",
				"${BUILT_PRODUCTS_DIR}/GoogleUtilities/GoogleUtilities.framework",
				"${BUILT_PRODUCTS_DIR}/R.swift.Library/Rswift.framework",
				"${BUILT_PRODUCTS_DIR}/Toast-Swift/Toast_Swift.framework",
				"${BUILT_PRODUCTS_DIR}/leveldb-library/leveldb.framework",
				"${BUILT_PRODUCTS_DIR}/nanopb/nanopb.framework",
			);
			name = "[CP] Embed Pods Frameworks";
			outputFileListPaths = (
			);
			outputPaths = (
				"${TARGET_BUILD_DIR}/${FRAMEWORKS_FOLDER_PATH}/Cosmos.framework",
				"${TARGET_BUILD_DIR}/${FRAMEWORKS_FOLDER_PATH}/FloatingPanel.framework",
				"${TARGET_BUILD_DIR}/${FRAMEWORKS_FOLDER_PATH}/GTMSessionFetcher.framework",
				"${TARGET_BUILD_DIR}/${FRAMEWORKS_FOLDER_PATH}/GoogleToolboxForMac.framework",
				"${TARGET_BUILD_DIR}/${FRAMEWORKS_FOLDER_PATH}/GoogleUtilities.framework",
				"${TARGET_BUILD_DIR}/${FRAMEWORKS_FOLDER_PATH}/Rswift.framework",
				"${TARGET_BUILD_DIR}/${FRAMEWORKS_FOLDER_PATH}/Toast_Swift.framework",
				"${TARGET_BUILD_DIR}/${FRAMEWORKS_FOLDER_PATH}/leveldb.framework",
				"${TARGET_BUILD_DIR}/${FRAMEWORKS_FOLDER_PATH}/nanopb.framework",
			);
			runOnlyForDeploymentPostprocessing = 0;
			shellPath = /bin/sh;
			shellScript = "\"${SRCROOT}/Pods/Target Support Files/Pods-RateGoods/Pods-RateGoods-frameworks.sh\"\n";
			showEnvVarsInLog = 0;
		};
		DD534BC321DD356300ECD808 /* ShellScript */ = {
			isa = PBXShellScriptBuildPhase;
			buildActionMask = 2147483647;
			files = (
			);
			inputFileListPaths = (
			);
			inputPaths = (
				"$TEMP_DIR/rswift-lastrun",
			);
			outputFileListPaths = (
			);
			outputPaths = (
				$SRCROOT/R.generated.swift,
			);
			runOnlyForDeploymentPostprocessing = 0;
			shellPath = /bin/sh;
			shellScript = "\"$PODS_ROOT/R.swift/rswift\" generate \"$SRCROOT/R.generated.swift\"\n";
		};
		DD534BC521DD47F800ECD808 /* ShellScript */ = {
			isa = PBXShellScriptBuildPhase;
			buildActionMask = 2147483647;
			files = (
			);
			inputFileListPaths = (
			);
			inputPaths = (
				"",
			);
			outputFileListPaths = (
			);
			outputPaths = (
				"",
			);
			runOnlyForDeploymentPostprocessing = 0;
			shellPath = /bin/sh;
			shellScript = "\"${PODS_ROOT}/SwiftLint/swiftlint\"\n";
		};
		E15D0382D986B5709F29C0AC /* [CP] Check Pods Manifest.lock */ = {
			isa = PBXShellScriptBuildPhase;
			buildActionMask = 2147483647;
			files = (
			);
			inputFileListPaths = (
			);
			inputPaths = (
				"${PODS_PODFILE_DIR_PATH}/Podfile.lock",
				"${PODS_ROOT}/Manifest.lock",
			);
			name = "[CP] Check Pods Manifest.lock";
			outputFileListPaths = (
			);
			outputPaths = (
				"$(DERIVED_FILE_DIR)/Pods-RateGoods-checkManifestLockResult.txt",
			);
			runOnlyForDeploymentPostprocessing = 0;
			shellPath = /bin/sh;
			shellScript = "diff \"${PODS_PODFILE_DIR_PATH}/Podfile.lock\" \"${PODS_ROOT}/Manifest.lock\" > /dev/null\nif [ $? != 0 ] ; then\n    # print error to STDERR\n    echo \"error: The sandbox is not in sync with the Podfile.lock. Run 'pod install' or update your CocoaPods installation.\" >&2\n    exit 1\nfi\n# This output is used by Xcode 'outputs' to avoid re-running this script phase.\necho \"SUCCESS\" > \"${SCRIPT_OUTPUT_FILE_0}\"\n";
			showEnvVarsInLog = 0;
		};
/* End PBXShellScriptBuildPhase section */

/* Begin PBXSourcesBuildPhase section */
		DDDC6B9F21C40E440049888D /* Sources */ = {
			isa = PBXSourcesBuildPhase;
			buildActionMask = 2147483647;
			files = (
				DD63390721E2817B00F6D06A /* StoreInfoViewCoordinator.swift in Sources */,
				DD8C8F8A21F1F31700A7BDE6 /* Model.xcdatamodeld in Sources */,
				DD88533E21E8B42400D75F6F /* MainView.swift in Sources */,
				DDDD280321CE476900E6F4A3 /* Coordinator.swift in Sources */,
				DDDD27FF21CE448700E6F4A3 /* AppCoordinator.swift in Sources */,
				DDD564BC21CE8D5800EC6649 /* PopularViewCoordinator.swift in Sources */,
				DD4E258D21D8D47800D5777B /* Store.swift in Sources */,
				DDF57E2A21CFF3B700E4C94C /* StoreAddingViewController.swift in Sources */,
				DDC3B4B121C4331700C056FC /* SearchViewController.swift in Sources */,
				DDD564B421CE8CF200EC6649 /* FavouritesViewController.swift in Sources */,
				DD57500721E9D72600300857 /* GoodsAddingViewController.swift in Sources */,
				DDF57E2E21D0066900E4C94C /* FloatingPanelLayout.swift in Sources */,
				DDD564B621CE8D0200EC6649 /* FavouritesViewInteractor.swift in Sources */,
				DDB4078021F67815004590E5 /* ReviewCell.swift in Sources */,
				DD88534021E8B43500D75F6F /* AdditionalView.swift in Sources */,
				DD51A42E21E7724600D0A5DC /* GoodsViewCoordinator.swift in Sources */,
				DDD564B821CE8D1D00EC6649 /* SearchViewInteractor.swift in Sources */,
				DD7B8EB921FA0AA3002BABC2 /* AuthViewController.swift in Sources */,
				DD8C8F8C21F28BE700A7BDE6 /* CoreDataManager.swift in Sources */,
				DD82BB1E21D3EC8E005BE3EF /* R.generated.swift in Sources */,
				DDD564AC21CE59AA00EC6649 /* MapViewCoordinator.swift in Sources */,
				DD9935F621EA9A2C003793B1 /* Review.swift in Sources */,
				DD51A43021E7726300D0A5DC /* GoodsViewInteractor.swift in Sources */,
				DD7B8EBB21FA0ABB002BABC2 /* AuthViewInteractor.swift in Sources */,
				DDDC6BA921C40E450049888D /* MapViewController.swift in Sources */,
				DDE1344021DE6BF200AA170B /* UIColor+purple.swift in Sources */,
				DD57500B21E9D93A00300857 /* GoodsAddingViewCoordinator.swift in Sources */,
				DDDD280121CE463400E6F4A3 /* TabsCoordinator.swift in Sources */,
				DDE1343E21DE3D5800AA170B /* CLLocationCoordinate2D+operatorOverloading.swift in Sources */,
				DDBAC72021CC3E6B00C8B743 /* MapViewInteractor.swift in Sources */,
				DDA3646921E36E2D00FA34BD /* Result.swift in Sources */,
				DDD564BA21CE8D4800EC6649 /* SearchViewCoordinator.swift in Sources */,
				DD4E25A321D912B500D5777B /* StoreInfoViewController.swift in Sources */,
				DD9935F821EA9A3A003793B1 /* Goods.swift in Sources */,
				DDD564BE21CE8D6F00EC6649 /* FavouritesViewCoordinator.swift in Sources */,
				DD63390521E2405500F6D06A /* GoodsCell.swift in Sources */,
				DD63390D21E2ABB100F6D06A /* StoreAddingViewInteractor.swift in Sources */,
				DD57500921E9D8E500300857 /* GoodsAddingViewInteractor.swift in Sources */,
				DDE1344221DE6C0E00AA170B /* String+isEmpty.swift in Sources */,
				DD4E259121D8F14F00D5777B /* StoreInfoPanel.swift in Sources */,
				DDA3646721E364E700FA34BD /* Constants.swift in Sources */,
				DDD564B021CE8BEA00EC6649 /* PopularViewController.swift in Sources */,
				DDBFEBD421CCEF4C00A34FBB /* DatabaseManager.swift in Sources */,
				DD63390B21E2AB9A00F6D06A /* StoreInfoViewInteractor.swift in Sources */,
				DD82BB1B21D3DF01005BE3EF /* StoreAddingPanel.swift in Sources */,
				DDDC6BA721C40E450049888D /* AppDelegate.swift in Sources */,
				DD63390921E2818C00F6D06A /* StoreAddingViewCoordiantor.swift in Sources */,
				DD63390321E233E800F6D06A /* GoodsViewController.swift in Sources */,
				DDD564B221CE8C0900EC6649 /* PopularViewInteractor.swift in Sources */,
				DDC0F5C021D78C2400E79FD6 /* StorageManager.swift in Sources */,
			);
			runOnlyForDeploymentPostprocessing = 0;
		};
/* End PBXSourcesBuildPhase section */

/* Begin PBXVariantGroup section */
		DDDC6BAA21C40E450049888D /* Main.storyboard */ = {
			isa = PBXVariantGroup;
			children = (
				DDDC6BAB21C40E450049888D /* Base */,
			);
			name = Main.storyboard;
			sourceTree = "<group>";
		};
		DDDC6BAF21C40E470049888D /* LaunchScreen.storyboard */ = {
			isa = PBXVariantGroup;
			children = (
				DDDC6BB021C40E470049888D /* Base */,
			);
			name = LaunchScreen.storyboard;
			sourceTree = "<group>";
		};
/* End PBXVariantGroup section */

/* Begin XCBuildConfiguration section */
		DDDC6BB321C40E470049888D /* Debug */ = {
			isa = XCBuildConfiguration;
			buildSettings = {
				ALWAYS_SEARCH_USER_PATHS = NO;
				CLANG_ANALYZER_NONNULL = YES;
				CLANG_ANALYZER_NUMBER_OBJECT_CONVERSION = YES_AGGRESSIVE;
				CLANG_CXX_LANGUAGE_STANDARD = "gnu++14";
				CLANG_CXX_LIBRARY = "libc++";
				CLANG_ENABLE_MODULES = YES;
				CLANG_ENABLE_OBJC_ARC = YES;
				CLANG_ENABLE_OBJC_WEAK = YES;
				CLANG_WARN_BLOCK_CAPTURE_AUTORELEASING = YES;
				CLANG_WARN_BOOL_CONVERSION = YES;
				CLANG_WARN_COMMA = YES;
				CLANG_WARN_CONSTANT_CONVERSION = YES;
				CLANG_WARN_DEPRECATED_OBJC_IMPLEMENTATIONS = YES;
				CLANG_WARN_DIRECT_OBJC_ISA_USAGE = YES_ERROR;
				CLANG_WARN_DOCUMENTATION_COMMENTS = YES;
				CLANG_WARN_EMPTY_BODY = YES;
				CLANG_WARN_ENUM_CONVERSION = YES;
				CLANG_WARN_INFINITE_RECURSION = YES;
				CLANG_WARN_INT_CONVERSION = YES;
				CLANG_WARN_NON_LITERAL_NULL_CONVERSION = YES;
				CLANG_WARN_OBJC_IMPLICIT_RETAIN_SELF = YES;
				CLANG_WARN_OBJC_LITERAL_CONVERSION = YES;
				CLANG_WARN_OBJC_ROOT_CLASS = YES_ERROR;
				CLANG_WARN_RANGE_LOOP_ANALYSIS = YES;
				CLANG_WARN_STRICT_PROTOTYPES = YES;
				CLANG_WARN_SUSPICIOUS_MOVE = YES;
				CLANG_WARN_UNGUARDED_AVAILABILITY = YES_AGGRESSIVE;
				CLANG_WARN_UNREACHABLE_CODE = YES;
				CLANG_WARN__DUPLICATE_METHOD_MATCH = YES;
				CODE_SIGN_IDENTITY = "iPhone Developer";
				COPY_PHASE_STRIP = NO;
				DEBUG_INFORMATION_FORMAT = dwarf;
				ENABLE_STRICT_OBJC_MSGSEND = YES;
				ENABLE_TESTABILITY = YES;
				GCC_C_LANGUAGE_STANDARD = gnu11;
				GCC_DYNAMIC_NO_PIC = NO;
				GCC_NO_COMMON_BLOCKS = YES;
				GCC_OPTIMIZATION_LEVEL = 0;
				GCC_PREPROCESSOR_DEFINITIONS = (
					"DEBUG=1",
					"$(inherited)",
				);
				GCC_WARN_64_TO_32_BIT_CONVERSION = YES;
				GCC_WARN_ABOUT_RETURN_TYPE = YES_ERROR;
				GCC_WARN_UNDECLARED_SELECTOR = YES;
				GCC_WARN_UNINITIALIZED_AUTOS = YES_AGGRESSIVE;
				GCC_WARN_UNUSED_FUNCTION = YES;
				GCC_WARN_UNUSED_VARIABLE = YES;
				IPHONEOS_DEPLOYMENT_TARGET = 12.0;
				MTL_ENABLE_DEBUG_INFO = INCLUDE_SOURCE;
				MTL_FAST_MATH = YES;
				ONLY_ACTIVE_ARCH = YES;
				SDKROOT = iphoneos;
				SWIFT_ACTIVE_COMPILATION_CONDITIONS = DEBUG;
				SWIFT_OPTIMIZATION_LEVEL = "-Onone";
			};
			name = Debug;
		};
		DDDC6BB421C40E470049888D /* Release */ = {
			isa = XCBuildConfiguration;
			buildSettings = {
				ALWAYS_SEARCH_USER_PATHS = NO;
				CLANG_ANALYZER_NONNULL = YES;
				CLANG_ANALYZER_NUMBER_OBJECT_CONVERSION = YES_AGGRESSIVE;
				CLANG_CXX_LANGUAGE_STANDARD = "gnu++14";
				CLANG_CXX_LIBRARY = "libc++";
				CLANG_ENABLE_MODULES = YES;
				CLANG_ENABLE_OBJC_ARC = YES;
				CLANG_ENABLE_OBJC_WEAK = YES;
				CLANG_WARN_BLOCK_CAPTURE_AUTORELEASING = YES;
				CLANG_WARN_BOOL_CONVERSION = YES;
				CLANG_WARN_COMMA = YES;
				CLANG_WARN_CONSTANT_CONVERSION = YES;
				CLANG_WARN_DEPRECATED_OBJC_IMPLEMENTATIONS = YES;
				CLANG_WARN_DIRECT_OBJC_ISA_USAGE = YES_ERROR;
				CLANG_WARN_DOCUMENTATION_COMMENTS = YES;
				CLANG_WARN_EMPTY_BODY = YES;
				CLANG_WARN_ENUM_CONVERSION = YES;
				CLANG_WARN_INFINITE_RECURSION = YES;
				CLANG_WARN_INT_CONVERSION = YES;
				CLANG_WARN_NON_LITERAL_NULL_CONVERSION = YES;
				CLANG_WARN_OBJC_IMPLICIT_RETAIN_SELF = YES;
				CLANG_WARN_OBJC_LITERAL_CONVERSION = YES;
				CLANG_WARN_OBJC_ROOT_CLASS = YES_ERROR;
				CLANG_WARN_RANGE_LOOP_ANALYSIS = YES;
				CLANG_WARN_STRICT_PROTOTYPES = YES;
				CLANG_WARN_SUSPICIOUS_MOVE = YES;
				CLANG_WARN_UNGUARDED_AVAILABILITY = YES_AGGRESSIVE;
				CLANG_WARN_UNREACHABLE_CODE = YES;
				CLANG_WARN__DUPLICATE_METHOD_MATCH = YES;
				CODE_SIGN_IDENTITY = "iPhone Developer";
				COPY_PHASE_STRIP = NO;
				DEBUG_INFORMATION_FORMAT = "dwarf-with-dsym";
				ENABLE_NS_ASSERTIONS = NO;
				ENABLE_STRICT_OBJC_MSGSEND = YES;
				GCC_C_LANGUAGE_STANDARD = gnu11;
				GCC_NO_COMMON_BLOCKS = YES;
				GCC_WARN_64_TO_32_BIT_CONVERSION = YES;
				GCC_WARN_ABOUT_RETURN_TYPE = YES_ERROR;
				GCC_WARN_UNDECLARED_SELECTOR = YES;
				GCC_WARN_UNINITIALIZED_AUTOS = YES_AGGRESSIVE;
				GCC_WARN_UNUSED_FUNCTION = YES;
				GCC_WARN_UNUSED_VARIABLE = YES;
				IPHONEOS_DEPLOYMENT_TARGET = 12.0;
				MTL_ENABLE_DEBUG_INFO = NO;
				MTL_FAST_MATH = YES;
				SDKROOT = iphoneos;
				SWIFT_COMPILATION_MODE = wholemodule;
				SWIFT_OPTIMIZATION_LEVEL = "-O";
				VALIDATE_PRODUCT = YES;
			};
			name = Release;
		};
		DDDC6BB621C40E470049888D /* Debug */ = {
			isa = XCBuildConfiguration;
			baseConfigurationReference = A3849616A1601D111E7ABA35 /* Pods-RateGoods.debug.xcconfig */;
			buildSettings = {
				ASSETCATALOG_COMPILER_APPICON_NAME = AppIcon;
				CODE_SIGN_STYLE = Automatic;
				DEVELOPMENT_TEAM = B6KRZX2358;
				FRAMEWORK_SEARCH_PATHS = (
					"$(inherited)",
					"\"${PODS_CONFIGURATION_BUILD_DIR}/FirebaseCore\"",
					"\"${PODS_CONFIGURATION_BUILD_DIR}/FirebaseDatabase\"",
					"\"${PODS_CONFIGURATION_BUILD_DIR}/GoogleUtilities\"",
					"\"${PODS_CONFIGURATION_BUILD_DIR}/leveldb-library\"",
					"\"${PODS_CONFIGURATION_BUILD_DIR}/nanopb\"",
					"\"${PODS_ROOT}/FirebaseAnalytics/Frameworks\"",
					"\"${PODS_CONFIGURATION_BUILD_DIR}/GoogleMaps\"",
				);
				INFOPLIST_FILE = RateGoods/Info.plist;
				IPHONEOS_DEPLOYMENT_TARGET = 11.0;
				LD_RUNPATH_SEARCH_PATHS = (
					"$(inherited)",
					"@executable_path/Frameworks",
				);
				PRODUCT_BUNDLE_IDENTIFIER = VK.RateGoods;
				PRODUCT_NAME = "$(TARGET_NAME)";
				SWIFT_VERSION = 4.2;
				TARGETED_DEVICE_FAMILY = "1,2";
			};
			name = Debug;
		};
		DDDC6BB721C40E470049888D /* Release */ = {
			isa = XCBuildConfiguration;
			baseConfigurationReference = BB8FDA0A84C845E13401FAE0 /* Pods-RateGoods.release.xcconfig */;
			buildSettings = {
				ASSETCATALOG_COMPILER_APPICON_NAME = AppIcon;
				CODE_SIGN_STYLE = Automatic;
				DEVELOPMENT_TEAM = B6KRZX2358;
				FRAMEWORK_SEARCH_PATHS = (
					"$(inherited)",
					"\"${PODS_CONFIGURATION_BUILD_DIR}/FirebaseCore\"",
					"\"${PODS_CONFIGURATION_BUILD_DIR}/FirebaseDatabase\"",
					"\"${PODS_CONFIGURATION_BUILD_DIR}/GoogleUtilities\"",
					"\"${PODS_CONFIGURATION_BUILD_DIR}/leveldb-library\"",
					"\"${PODS_CONFIGURATION_BUILD_DIR}/nanopb\"",
					"\"${PODS_ROOT}/FirebaseAnalytics/Frameworks\"",
					"\"${PODS_CONFIGURATION_BUILD_DIR}/GoogleMaps\"",
				);
				INFOPLIST_FILE = RateGoods/Info.plist;
				IPHONEOS_DEPLOYMENT_TARGET = 11.0;
				LD_RUNPATH_SEARCH_PATHS = (
					"$(inherited)",
					"@executable_path/Frameworks",
				);
				PRODUCT_BUNDLE_IDENTIFIER = VK.RateGoods;
				PRODUCT_NAME = "$(TARGET_NAME)";
				SWIFT_VERSION = 4.2;
				TARGETED_DEVICE_FAMILY = "1,2";
			};
			name = Release;
		};
/* End XCBuildConfiguration section */

/* Begin XCConfigurationList section */
		DDDC6B9E21C40E440049888D /* Build configuration list for PBXProject "RateGoods" */ = {
			isa = XCConfigurationList;
			buildConfigurations = (
				DDDC6BB321C40E470049888D /* Debug */,
				DDDC6BB421C40E470049888D /* Release */,
			);
			defaultConfigurationIsVisible = 0;
			defaultConfigurationName = Release;
		};
		DDDC6BB521C40E470049888D /* Build configuration list for PBXNativeTarget "RateGoods" */ = {
			isa = XCConfigurationList;
			buildConfigurations = (
				DDDC6BB621C40E470049888D /* Debug */,
				DDDC6BB721C40E470049888D /* Release */,
			);
			defaultConfigurationIsVisible = 0;
			defaultConfigurationName = Release;
		};
/* End XCConfigurationList section */

/* Begin XCVersionGroup section */
		DD8C8F8821F1F31700A7BDE6 /* Model.xcdatamodeld */ = {
			isa = XCVersionGroup;
			children = (
				DD8C8F8921F1F31700A7BDE6 /* Model.xcdatamodel */,
			);
			currentVersion = DD8C8F8921F1F31700A7BDE6 /* Model.xcdatamodel */;
			path = Model.xcdatamodeld;
			sourceTree = "<group>";
			versionGroupType = wrapper.xcdatamodel;
		};
/* End XCVersionGroup section */
	};
	rootObject = DDDC6B9B21C40E440049888D /* Project object */;
}
